
Microsoft Visual Studio Solution File, Format Version 12.00
# Visual Studio Version 17
VisualStudioVersion = 17.14.36310.24 d17.14
MinimumVisualStudioVersion = 10.0.40219.1
Project("{888888A0-9F3D-457C-B088-3A5042F75D52}") = "proyecto1", "proyecto1\proyecto1.pyproj", "{F1119197-C2E1-47D3-A3A5-E694EC90E2E4}"
EndProject
Global
	GlobalSection(SolutionConfigurationPlatforms) = preSolution
		Debug|Any CPU = Debug|Any CPU
		Release|Any CPU = Release|Any CPU
	EndGlobalSection
	GlobalSection(ProjectConfigurationPlatforms) = postSolution
		{F1119197-C2E1-47D3-A3A5-E694EC90E2E4}.Debug|Any CPU.ActiveCfg = Debug|Any CPU
		{F1119197-C2E1-47D3-A3A5-E694EC90E2E4}.Release|Any CPU.ActiveCfg = Release|Any CPU
	EndGlobalSection
	GlobalSection(SolutionProperties) = preSolution
		HideSolutionNode = FALSE
	EndGlobalSection
	GlobalSection(ExtensibilityGlobals) = postSolution
		SolutionGuid = {19DC580E-DABF-4916-951B-C2FEE9ADC8FB}
	EndGlobalSection
EndGlobal
